
Microsoft Visual Studio Solution File, Format Version 12.00
# Visual Studio 15
Project("{FAE04EC0-301F-11D3-BF4B-00C04F79EFBC}") = "UnityEngine.TestRunner", "UnityEngine.TestRunner.csproj", "{66FFCCBB-FE00-80C4-D28D-40235860DBE4}"
EndProject
Project("{FAE04EC0-301F-11D3-BF4B-00C04F79EFBC}") = "Unity.Mathematics", "Unity.Mathematics.csproj", "{04B60B4D-BCD4-A467-14A7-E5318D76D867}"
EndProject
Project("{FAE04EC0-301F-11D3-BF4B-00C04F79EFBC}") = "Unity.2D.Animation.Triangle.Runtime", "Unity.2D.Animation.Triangle.Runtime.csproj", "{EA97C146-6FC3-B50D-B038-92AE5CE04E88}"
EndProject
Project("{FAE04EC0-301F-11D3-BF4B-00C04F79EFBC}") = "Unity.Timeline", "Unity.Timeline.csproj", "{CFF2C309-EECD-F655-0DDE-D69DF8814DA6}"
EndProject
Project("{FAE04EC0-301F-11D3-BF4B-00C04F79EFBC}") = "UnityEngine.UI", "UnityEngine.UI.csproj", "{985A3F8B-E838-DFA2-4A3B-86254CDA782F}"
EndProject
Project("{FAE04EC0-301F-11D3-BF4B-00C04F79EFBC}") = "Unity.TextMeshPro", "Unity.TextMeshPro.csproj", "{EB8CCEC2-8E58-6496-9419-CD174CB2626E}"
EndProject
Project("{FAE04EC0-301F-11D3-BF4B-00C04F79EFBC}") = "Unity.2D.Animation.Runtime", "Unity.2D.Animation.Runtime.csproj", "{BD98FA09-41B8-B912-7482-359BF5E33F22}"
EndProject
Project("{FAE04EC0-301F-11D3-BF4B-00C04F79EFBC}") = "Unity.2D.IK.Runtime", "Unity.2D.IK.Runtime.csproj", "{582C85DC-C660-C179-1D8D-A58C871A48B1}"
EndProject
Project("{FAE04EC0-301F-11D3-BF4B-00C04F79EFBC}") = "Unity.2D.SpriteShape.Runtime", "Unity.2D.SpriteShape.Runtime.csproj", "{CB91832B-3369-D6FF-EB7D-4A7041EF4DC2}"
EndProject
Project("{FAE04EC0-301F-11D3-BF4B-00C04F79EFBC}") = "Unity.2D.PixelPerfect", "Unity.2D.PixelPerfect.csproj", "{747BE582-5A8A-9044-2560-2681E5151BCF}"
EndProject
Project("{FAE04EC0-301F-11D3-BF4B-00C04F79EFBC}") = "Unity.2D.Common.Runtime", "Unity.2D.Common.Runtime.csproj", "{8859080F-E8CE-EC83-0C2F-0FD54654E3B5}"
EndProject
Project("{FAE04EC0-301F-11D3-BF4B-00C04F79EFBC}") = "Unity.InternalAPIEngineBridge.001", "Unity.InternalAPIEngineBridge.001.csproj", "{96F89F73-BB20-046C-F86B-CBFB0BC52886}"
EndProject
Project("{FAE04EC0-301F-11D3-BF4B-00C04F79EFBC}") = "Assembly-CSharp", "Assembly-CSharp.csproj", "{190B26A4-3128-4E37-0D21-86CBA84C7CBA}"
EndProject
Project("{FAE04EC0-301F-11D3-BF4B-00C04F79EFBC}") = "UnityEditor.TestRunner", "UnityEditor.TestRunner.csproj", "{3A903843-765C-7E5B-A6B3-C832DACF3637}"
EndProject
Project("{FAE04EC0-301F-11D3-BF4B-00C04F79EFBC}") = "Unity.PlasticSCM.Editor", "Unity.PlasticSCM.Editor.csproj", "{1531AAB2-D0AC-E352-00BB-328F87FD1B4E}"
EndProject
Project("{FAE04EC0-301F-11D3-BF4B-00C04F79EFBC}") = "UnityEditor.UI", "UnityEditor.UI.csproj", "{398F3482-00C3-5EEC-F833-21B440DA871B}"
EndProject
Project("{FAE04EC0-301F-11D3-BF4B-00C04F79EFBC}") = "Unity.Services.Core.Editor", "Unity.Services.Core.Editor.csproj", "{C2D6A016-CE08-DAD9-C643-401968155FBA}"
EndProject
Project("{FAE04EC0-301F-11D3-BF4B-00C04F79EFBC}") = "Unity.Timeline.Editor", "Unity.Timeline.Editor.csproj", "{0BE24157-FBAA-BB19-A4F8-C7A85C4202D2}"
EndProject
Project("{FAE04EC0-301F-11D3-BF4B-00C04F79EFBC}") = "Unity.VisualStudio.Editor", "Unity.VisualStudio.Editor.csproj", "{25480B00-DB02-63F9-890E-87C00870839F}"
EndProject
Project("{FAE04EC0-301F-11D3-BF4B-00C04F79EFBC}") = "Unity.2D.Psdimporter.Editor", "Unity.2D.Psdimporter.Editor.csproj", "{FD02804B-C5A5-6BBC-F72B-FB24FCEF95E6}"
EndProject
Project("{FAE04EC0-301F-11D3-BF4B-00C04F79EFBC}") = "Unity.2D.Animation.Editor", "Unity.2D.Animation.Editor.csproj", "{7BE24087-8C8F-EA39-44C0-0C554A897D77}"
EndProject
Project("{FAE04EC0-301F-11D3-BF4B-00C04F79EFBC}") = "Unity.TextMeshPro.Editor", "Unity.TextMeshPro.Editor.csproj", "{4339FFAE-79DF-13B7-DB5B-A566BBC40F4C}"
EndProject
Project("{FAE04EC0-301F-11D3-BF4B-00C04F79EFBC}") = "Unity.2D.SpriteShape.Editor", "Unity.2D.SpriteShape.Editor.csproj", "{430D7272-23CF-C4F2-69B2-E621F41A28BE}"
EndProject
Project("{FAE04EC0-301F-11D3-BF4B-00C04F79EFBC}") = "Unity.CollabProxy.Editor", "Unity.CollabProxy.Editor.csproj", "{0D614D23-4066-945F-EB10-931C29B39185}"
EndProject
Project("{FAE04EC0-301F-11D3-BF4B-00C04F79EFBC}") = "PsdPlugin", "PsdPlugin.csproj", "{54EC19EF-9319-A95E-F026-2FA9C2273E26}"
EndProject
Project("{FAE04EC0-301F-11D3-BF4B-00C04F79EFBC}") = "Unity.2D.Path.Editor", "Unity.2D.Path.Editor.csproj", "{5E2B7627-BDA4-D8BC-7775-1B3BC5D52568}"
EndProject
Project("{FAE04EC0-301F-11D3-BF4B-00C04F79EFBC}") = "Unity.Rider.Editor", "Unity.Rider.Editor.csproj", "{0267E901-C5DD-69B0-5168-80EBA74B3E62}"
EndProject
Project("{FAE04EC0-301F-11D3-BF4B-00C04F79EFBC}") = "Unity.2D.IK.Editor", "Unity.2D.IK.Editor.csproj", "{42FD867C-2D00-EF01-8174-B9E866E3ED9B}"
EndProject
Project("{FAE04EC0-301F-11D3-BF4B-00C04F79EFBC}") = "Unity.2D.Sprite.Editor", "Unity.2D.Sprite.Editor.csproj", "{E72F5209-D40E-C6EF-A391-2D5D59A2D996}"
EndProject
Project("{FAE04EC0-301F-11D3-BF4B-00C04F79EFBC}") = "Unity.2D.Tilemap.Editor", "Unity.2D.Tilemap.Editor.csproj", "{659980A1-AA58-1370-6E05-93C3EB551742}"
EndProject
Project("{FAE04EC0-301F-11D3-BF4B-00C04F79EFBC}") = "Unity.2D.PixelPerfect.Editor", "Unity.2D.PixelPerfect.Editor.csproj", "{0073B3F8-F625-00A2-3980-50B56BCF0E65}"
EndProject
Project("{FAE04EC0-301F-11D3-BF4B-00C04F79EFBC}") = "Unity.VSCode.Editor", "Unity.VSCode.Editor.csproj", "{F6DF5405-3AB6-2E65-B6F7-89DFEE76AEE0}"
EndProject
Project("{FAE04EC0-301F-11D3-BF4B-00C04F79EFBC}") = "Unity.2D.Common.Editor", "Unity.2D.Common.Editor.csproj", "{0180BCEB-5920-A763-2351-A7A4E8C23D24}"
EndProject
Project("{FAE04EC0-301F-11D3-BF4B-00C04F79EFBC}") = "Unity.Mathematics.Editor", "Unity.Mathematics.Editor.csproj", "{497D50DD-839B-3FE6-7372-55D5EC51FCEE}"
EndProject
Project("{FAE04EC0-301F-11D3-BF4B-00C04F79EFBC}") = "Unity.InternalAPIEditorBridge.001", "Unity.InternalAPIEditorBridge.001.csproj", "{21E9BF43-DA9E-9D89-15D3-01E275344DFA}"
EndProject
Project("{FAE04EC0-301F-11D3-BF4B-00C04F79EFBC}") = "UnityEngine.TestRunner", "UnityEngine.TestRunner.Player.csproj", "{5A363521-94FC-DBC3-21B2-F247A21BB370}"
EndProject
Project("{FAE04EC0-301F-11D3-BF4B-00C04F79EFBC}") = "Unity.Mathematics", "Unity.Mathematics.Player.csproj", "{84ECD440-8AA0-7729-652D-C3DDFCD37C46}"
EndProject
Project("{FAE04EC0-301F-11D3-BF4B-00C04F79EFBC}") = "Unity.2D.Animation.Triangle.Runtime", "Unity.2D.Animation.Triangle.Runtime.Player.csproj", "{2D14D131-1311-3D84-0622-24CA34C4A7C8}"
EndProject
Project("{FAE04EC0-301F-11D3-BF4B-00C04F79EFBC}") = "Unity.Timeline", "Unity.Timeline.Player.csproj", "{152313AF-81B8-56EA-A0BC-930462287D31}"
EndProject
Project("{FAE04EC0-301F-11D3-BF4B-00C04F79EFBC}") = "UnityEngine.UI", "UnityEngine.UI.Player.csproj", "{06497D05-2D85-0EE9-6669-0B06A79D31C5}"
EndProject
Project("{FAE04EC0-301F-11D3-BF4B-00C04F79EFBC}") = "Unity.TextMeshPro", "Unity.TextMeshPro.Player.csproj", "{F967A8D8-DB8C-1A48-008B-D80930811934}"
EndProject
Project("{FAE04EC0-301F-11D3-BF4B-00C04F79EFBC}") = "Unity.2D.Animation.Runtime", "Unity.2D.Animation.Runtime.Player.csproj", "{4A6144C4-668C-E90E-8B64-725D8AEBA52A}"
EndProject
Project("{FAE04EC0-301F-11D3-BF4B-00C04F79EFBC}") = "Unity.2D.IK.Runtime", "Unity.2D.IK.Runtime.Player.csproj", "{F5C78B2B-C2E6-DCBD-5E2C-40AF235F7D3B}"
EndProject
Project("{FAE04EC0-301F-11D3-BF4B-00C04F79EFBC}") = "Unity.2D.SpriteShape.Runtime", "Unity.2D.SpriteShape.Runtime.Player.csproj", "{3718F761-ABF5-B808-0619-E4891F61C47C}"
EndProject
Project("{FAE04EC0-301F-11D3-BF4B-00C04F79EFBC}") = "Unity.2D.PixelPerfect", "Unity.2D.PixelPerfect.Player.csproj", "{21825A66-0584-7D2D-0E98-664B22842A32}"
EndProject
Project("{FAE04EC0-301F-11D3-BF4B-00C04F79EFBC}") = "Unity.2D.Common.Runtime", "Unity.2D.Common.Runtime.Player.csproj", "{9ECEF22A-FC63-525A-A498-2CA4B609C8C5}"
EndProject
Project("{FAE04EC0-301F-11D3-BF4B-00C04F79EFBC}") = "Unity.InternalAPIEngineBridge.001", "Unity.InternalAPIEngineBridge.001.Player.csproj", "{A244DD0B-457E-F3EC-12D4-84D1E4230F8D}"
EndProject
Project("{FAE04EC0-301F-11D3-BF4B-00C04F79EFBC}") = "Assembly-CSharp", "Assembly-CSharp.Player.csproj", "{433E054B-9201-CB94-EB61-5EB979595E30}"
EndProject
Global
	GlobalSection(SolutionConfigurationPlatforms) = preSolution
		Debug|Any CPU = Debug|Any CPU
		Release|Any CPU = Release|Any CPU
	EndGlobalSection
	GlobalSection(ProjectConfigurationPlatforms) = postSolution
		{66FFCCBB-FE00-80C4-D28D-40235860DBE4}.Debug|Any CPU.ActiveCfg = Debug|Any CPU
		{66FFCCBB-FE00-80C4-D28D-40235860DBE4}.Debug|Any CPU.Build.0 = Debug|Any CPU
		{66FFCCBB-FE00-80C4-D28D-40235860DBE4}.Release|Any CPU.ActiveCfg = Release|Any CPU
		{66FFCCBB-FE00-80C4-D28D-40235860DBE4}.Release|Any CPU.Build.0 = Release|Any CPU
		{04B60B4D-BCD4-A467-14A7-E5318D76D867}.Debug|Any CPU.ActiveCfg = Debug|Any CPU
		{04B60B4D-BCD4-A467-14A7-E5318D76D867}.Debug|Any CPU.Build.0 = Debug|Any CPU
		{04B60B4D-BCD4-A467-14A7-E5318D76D867}.Release|Any CPU.ActiveCfg = Release|Any CPU
		{04B60B4D-BCD4-A467-14A7-E5318D76D867}.Release|Any CPU.Build.0 = Release|Any CPU
		{EA97C146-6FC3-B50D-B038-92AE5CE04E88}.Debug|Any CPU.ActiveCfg = Debug|Any CPU
		{EA97C146-6FC3-B50D-B038-92AE5CE04E88}.Debug|Any CPU.Build.0 = Debug|Any CPU
		{EA97C146-6FC3-B50D-B038-92AE5CE04E88}.Release|Any CPU.ActiveCfg = Release|Any CPU
		{EA97C146-6FC3-B50D-B038-92AE5CE04E88}.Release|Any CPU.Build.0 = Release|Any CPU
		{CFF2C309-EECD-F655-0DDE-D69DF8814DA6}.Debug|Any CPU.ActiveCfg = Debug|Any CPU
		{CFF2C309-EECD-F655-0DDE-D69DF8814DA6}.Debug|Any CPU.Build.0 = Debug|Any CPU
		{CFF2C309-EECD-F655-0DDE-D69DF8814DA6}.Release|Any CPU.ActiveCfg = Release|Any CPU
		{CFF2C309-EECD-F655-0DDE-D69DF8814DA6}.Release|Any CPU.Build.0 = Release|Any CPU
		{985A3F8B-E838-DFA2-4A3B-86254CDA782F}.Debug|Any CPU.ActiveCfg = Debug|Any CPU
		{985A3F8B-E838-DFA2-4A3B-86254CDA782F}.Debug|Any CPU.Build.0 = Debug|Any CPU
		{985A3F8B-E838-DFA2-4A3B-86254CDA782F}.Release|Any CPU.ActiveCfg = Release|Any CPU
		{985A3F8B-E838-DFA2-4A3B-86254CDA782F}.Release|Any CPU.Build.0 = Release|Any CPU
		{EB8CCEC2-8E58-6496-9419-CD174CB2626E}.Debug|Any CPU.ActiveCfg = Debug|Any CPU
		{EB8CCEC2-8E58-6496-9419-CD174CB2626E}.Debug|Any CPU.Build.0 = Debug|Any CPU
		{EB8CCEC2-8E58-6496-9419-CD174CB2626E}.Release|Any CPU.ActiveCfg = Release|Any CPU
		{EB8CCEC2-8E58-6496-9419-CD174CB2626E}.Release|Any CPU.Build.0 = Release|Any CPU
		{BD98FA09-41B8-B912-7482-359BF5E33F22}.Debug|Any CPU.ActiveCfg = Debug|Any CPU
		{BD98FA09-41B8-B912-7482-359BF5E33F22}.Debug|Any CPU.Build.0 = Debug|Any CPU
		{BD98FA09-41B8-B912-7482-359BF5E33F22}.Release|Any CPU.ActiveCfg = Release|Any CPU
		{BD98FA09-41B8-B912-7482-359BF5E33F22}.Release|Any CPU.Build.0 = Release|Any CPU
		{582C85DC-C660-C179-1D8D-A58C871A48B1}.Debug|Any CPU.ActiveCfg = Debug|Any CPU
		{582C85DC-C660-C179-1D8D-A58C871A48B1}.Debug|Any CPU.Build.0 = Debug|Any CPU
		{582C85DC-C660-C179-1D8D-A58C871A48B1}.Release|Any CPU.ActiveCfg = Release|Any CPU
		{582C85DC-C660-C179-1D8D-A58C871A48B1}.Release|Any CPU.Build.0 = Release|Any CPU
		{CB91832B-3369-D6FF-EB7D-4A7041EF4DC2}.Debug|Any CPU.ActiveCfg = Debug|Any CPU
		{CB91832B-3369-D6FF-EB7D-4A7041EF4DC2}.Debug|Any CPU.Build.0 = Debug|Any CPU
		{CB91832B-3369-D6FF-EB7D-4A7041EF4DC2}.Release|Any CPU.ActiveCfg = Release|Any CPU
		{CB91832B-3369-D6FF-EB7D-4A7041EF4DC2}.Release|Any CPU.Build.0 = Release|Any CPU
		{747BE582-5A8A-9044-2560-2681E5151BCF}.Debug|Any CPU.ActiveCfg = Debug|Any CPU
		{747BE582-5A8A-9044-2560-2681E5151BCF}.Debug|Any CPU.Build.0 = Debug|Any CPU
		{747BE582-5A8A-9044-2560-2681E5151BCF}.Release|Any CPU.ActiveCfg = Release|Any CPU
		{747BE582-5A8A-9044-2560-2681E5151BCF}.Release|Any CPU.Build.0 = Release|Any CPU
		{8859080F-E8CE-EC83-0C2F-0FD54654E3B5}.Debug|Any CPU.ActiveCfg = Debug|Any CPU
		{8859080F-E8CE-EC83-0C2F-0FD54654E3B5}.Debug|Any CPU.Build.0 = Debug|Any CPU
		{8859080F-E8CE-EC83-0C2F-0FD54654E3B5}.Release|Any CPU.ActiveCfg = Release|Any CPU
		{8859080F-E8CE-EC83-0C2F-0FD54654E3B5}.Release|Any CPU.Build.0 = Release|Any CPU
		{96F89F73-BB20-046C-F86B-CBFB0BC52886}.Debug|Any CPU.ActiveCfg = Debug|Any CPU
		{96F89F73-BB20-046C-F86B-CBFB0BC52886}.Debug|Any CPU.Build.0 = Debug|Any CPU
		{96F89F73-BB20-046C-F86B-CBFB0BC52886}.Release|Any CPU.ActiveCfg = Release|Any CPU
		{96F89F73-BB20-046C-F86B-CBFB0BC52886}.Release|Any CPU.Build.0 = Release|Any CPU
		{190B26A4-3128-4E37-0D21-86CBA84C7CBA}.Debug|Any CPU.ActiveCfg = Debug|Any CPU
		{190B26A4-3128-4E37-0D21-86CBA84C7CBA}.Debug|Any CPU.Build.0 = Debug|Any CPU
		{190B26A4-3128-4E37-0D21-86CBA84C7CBA}.Release|Any CPU.ActiveCfg = Release|Any CPU
		{190B26A4-3128-4E37-0D21-86CBA84C7CBA}.Release|Any CPU.Build.0 = Release|Any CPU
		{3A903843-765C-7E5B-A6B3-C832DACF3637}.Debug|Any CPU.ActiveCfg = Debug|Any CPU
		{3A903843-765C-7E5B-A6B3-C832DACF3637}.Debug|Any CPU.Build.0 = Debug|Any CPU
		{3A903843-765C-7E5B-A6B3-C832DACF3637}.Release|Any CPU.ActiveCfg = Release|Any CPU
		{3A903843-765C-7E5B-A6B3-C832DACF3637}.Release|Any CPU.Build.0 = Release|Any CPU
		{1531AAB2-D0AC-E352-00BB-328F87FD1B4E}.Debug|Any CPU.ActiveCfg = Debug|Any CPU
		{1531AAB2-D0AC-E352-00BB-328F87FD1B4E}.Debug|Any CPU.Build.0 = Debug|Any CPU
		{1531AAB2-D0AC-E352-00BB-328F87FD1B4E}.Release|Any CPU.ActiveCfg = Release|Any CPU
		{1531AAB2-D0AC-E352-00BB-328F87FD1B4E}.Release|Any CPU.Build.0 = Release|Any CPU
		{398F3482-00C3-5EEC-F833-21B440DA871B}.Debug|Any CPU.ActiveCfg = Debug|Any CPU
		{398F3482-00C3-5EEC-F833-21B440DA871B}.Debug|Any CPU.Build.0 = Debug|Any CPU
		{398F3482-00C3-5EEC-F833-21B440DA871B}.Release|Any CPU.ActiveCfg = Release|Any CPU
		{398F3482-00C3-5EEC-F833-21B440DA871B}.Release|Any CPU.Build.0 = Release|Any CPU
		{C2D6A016-CE08-DAD9-C643-401968155FBA}.Debug|Any CPU.ActiveCfg = Debug|Any CPU
		{C2D6A016-CE08-DAD9-C643-401968155FBA}.Debug|Any CPU.Build.0 = Debug|Any CPU
		{C2D6A016-CE08-DAD9-C643-401968155FBA}.Release|Any CPU.ActiveCfg = Release|Any CPU
		{C2D6A016-CE08-DAD9-C643-401968155FBA}.Release|Any CPU.Build.0 = Release|Any CPU
		{0BE24157-FBAA-BB19-A4F8-C7A85C4202D2}.Debug|Any CPU.ActiveCfg = Debug|Any CPU
		{0BE24157-FBAA-BB19-A4F8-C7A85C4202D2}.Debug|Any CPU.Build.0 = Debug|Any CPU
		{0BE24157-FBAA-BB19-A4F8-C7A85C4202D2}.Release|Any CPU.ActiveCfg = Release|Any CPU
		{0BE24157-FBAA-BB19-A4F8-C7A85C4202D2}.Release|Any CPU.Build.0 = Release|Any CPU
		{25480B00-DB02-63F9-890E-87C00870839F}.Debug|Any CPU.ActiveCfg = Debug|Any CPU
		{25480B00-DB02-63F9-890E-87C00870839F}.Debug|Any CPU.Build.0 = Debug|Any CPU
		{25480B00-DB02-63F9-890E-87C00870839F}.Release|Any CPU.ActiveCfg = Release|Any CPU
		{25480B00-DB02-63F9-890E-87C00870839F}.Release|Any CPU.Build.0 = Release|Any CPU
		{FD02804B-C5A5-6BBC-F72B-FB24FCEF95E6}.Debug|Any CPU.ActiveCfg = Debug|Any CPU
		{FD02804B-C5A5-6BBC-F72B-FB24FCEF95E6}.Debug|Any CPU.Build.0 = Debug|Any CPU
		{FD02804B-C5A5-6BBC-F72B-FB24FCEF95E6}.Release|Any CPU.ActiveCfg = Release|Any CPU
		{FD02804B-C5A5-6BBC-F72B-FB24FCEF95E6}.Release|Any CPU.Build.0 = Release|Any CPU
		{7BE24087-8C8F-EA39-44C0-0C554A897D77}.Debug|Any CPU.ActiveCfg = Debug|Any CPU
		{7BE24087-8C8F-EA39-44C0-0C554A897D77}.Debug|Any CPU.Build.0 = Debug|Any CPU
		{7BE24087-8C8F-EA39-44C0-0C554A897D77}.Release|Any CPU.ActiveCfg = Release|Any CPU
		{7BE24087-8C8F-EA39-44C0-0C554A897D77}.Release|Any CPU.Build.0 = Release|Any CPU
		{4339FFAE-79DF-13B7-DB5B-A566BBC40F4C}.Debug|Any CPU.ActiveCfg = Debug|Any CPU
		{4339FFAE-79DF-13B7-DB5B-A566BBC40F4C}.Debug|Any CPU.Build.0 = Debug|Any CPU
		{4339FFAE-79DF-13B7-DB5B-A566BBC40F4C}.Release|Any CPU.ActiveCfg = Release|Any CPU
		{4339FFAE-79DF-13B7-DB5B-A566BBC40F4C}.Release|Any CPU.Build.0 = Release|Any CPU
		{430D7272-23CF-C4F2-69B2-E621F41A28BE}.Debug|Any CPU.ActiveCfg = Debug|Any CPU
		{430D7272-23CF-C4F2-69B2-E621F41A28BE}.Debug|Any CPU.Build.0 = Debug|Any CPU
		{430D7272-23CF-C4F2-69B2-E621F41A28BE}.Release|Any CPU.ActiveCfg = Release|Any CPU
		{430D7272-23CF-C4F2-69B2-E621F41A28BE}.Release|Any CPU.Build.0 = Release|Any CPU
		{0D614D23-4066-945F-EB10-931C29B39185}.Debug|Any CPU.ActiveCfg = Debug|Any CPU
		{0D614D23-4066-945F-EB10-931C29B39185}.Debug|Any CPU.Build.0 = Debug|Any CPU
		{0D614D23-4066-945F-EB10-931C29B39185}.Release|Any CPU.ActiveCfg = Release|Any CPU
		{0D614D23-4066-945F-EB10-931C29B39185}.Release|Any CPU.Build.0 = Release|Any CPU
		{54EC19EF-9319-A95E-F026-2FA9C2273E26}.Debug|Any CPU.ActiveCfg = Debug|Any CPU
		{54EC19EF-9319-A95E-F026-2FA9C2273E26}.Debug|Any CPU.Build.0 = Debug|Any CPU
		{54EC19EF-9319-A95E-F026-2FA9C2273E26}.Release|Any CPU.ActiveCfg = Release|Any CPU
		{54EC19EF-9319-A95E-F026-2FA9C2273E26}.Release|Any CPU.Build.0 = Release|Any CPU
		{5E2B7627-BDA4-D8BC-7775-1B3BC5D52568}.Debug|Any CPU.ActiveCfg = Debug|Any CPU
		{5E2B7627-BDA4-D8BC-7775-1B3BC5D52568}.Debug|Any CPU.Build.0 = Debug|Any CPU
		{5E2B7627-BDA4-D8BC-7775-1B3BC5D52568}.Release|Any CPU.ActiveCfg = Release|Any CPU
		{5E2B7627-BDA4-D8BC-7775-1B3BC5D52568}.Release|Any CPU.Build.0 = Release|Any CPU
		{0267E901-C5DD-69B0-5168-80EBA74B3E62}.Debug|Any CPU.ActiveCfg = Debug|Any CPU
		{0267E901-C5DD-69B0-5168-80EBA74B3E62}.Debug|Any CPU.Build.0 = Debug|Any CPU
		{0267E901-C5DD-69B0-5168-80EBA74B3E62}.Release|Any CPU.ActiveCfg = Release|Any CPU
		{0267E901-C5DD-69B0-5168-80EBA74B3E62}.Release|Any CPU.Build.0 = Release|Any CPU
		{42FD867C-2D00-EF01-8174-B9E866E3ED9B}.Debug|Any CPU.ActiveCfg = Debug|Any CPU
		{42FD867C-2D00-EF01-8174-B9E866E3ED9B}.Debug|Any CPU.Build.0 = Debug|Any CPU
		{42FD867C-2D00-EF01-8174-B9E866E3ED9B}.Release|Any CPU.ActiveCfg = Release|Any CPU
		{42FD867C-2D00-EF01-8174-B9E866E3ED9B}.Release|Any CPU.Build.0 = Release|Any CPU
		{E72F5209-D40E-C6EF-A391-2D5D59A2D996}.Debug|Any CPU.ActiveCfg = Debug|Any CPU
		{E72F5209-D40E-C6EF-A391-2D5D59A2D996}.Debug|Any CPU.Build.0 = Debug|Any CPU
		{E72F5209-D40E-C6EF-A391-2D5D59A2D996}.Release|Any CPU.ActiveCfg = Release|Any CPU
		{E72F5209-D40E-C6EF-A391-2D5D59A2D996}.Release|Any CPU.Build.0 = Release|Any CPU
		{659980A1-AA58-1370-6E05-93C3EB551742}.Debug|Any CPU.ActiveCfg = Debug|Any CPU
		{659980A1-AA58-1370-6E05-93C3EB551742}.Debug|Any CPU.Build.0 = Debug|Any CPU
		{659980A1-AA58-1370-6E05-93C3EB551742}.Release|Any CPU.ActiveCfg = Release|Any CPU
		{659980A1-AA58-1370-6E05-93C3EB551742}.Release|Any CPU.Build.0 = Release|Any CPU
		{0073B3F8-F625-00A2-3980-50B56BCF0E65}.Debug|Any CPU.ActiveCfg = Debug|Any CPU
		{0073B3F8-F625-00A2-3980-50B56BCF0E65}.Debug|Any CPU.Build.0 = Debug|Any CPU
		{0073B3F8-F625-00A2-3980-50B56BCF0E65}.Release|Any CPU.ActiveCfg = Release|Any CPU
		{0073B3F8-F625-00A2-3980-50B56BCF0E65}.Release|Any CPU.Build.0 = Release|Any CPU
		{F6DF5405-3AB6-2E65-B6F7-89DFEE76AEE0}.Debug|Any CPU.ActiveCfg = Debug|Any CPU
		{F6DF5405-3AB6-2E65-B6F7-89DFEE76AEE0}.Debug|Any CPU.Build.0 = Debug|Any CPU
		{F6DF5405-3AB6-2E65-B6F7-89DFEE76AEE0}.Release|Any CPU.ActiveCfg = Release|Any CPU
		{F6DF5405-3AB6-2E65-B6F7-89DFEE76AEE0}.Release|Any CPU.Build.0 = Release|Any CPU
		{0180BCEB-5920-A763-2351-A7A4E8C23D24}.Debug|Any CPU.ActiveCfg = Debug|Any CPU
		{0180BCEB-5920-A763-2351-A7A4E8C23D24}.Debug|Any CPU.Build.0 = Debug|Any CPU
		{0180BCEB-5920-A763-2351-A7A4E8C23D24}.Release|Any CPU.ActiveCfg = Release|Any CPU
		{0180BCEB-5920-A763-2351-A7A4E8C23D24}.Release|Any CPU.Build.0 = Release|Any CPU
		{497D50DD-839B-3FE6-7372-55D5EC51FCEE}.Debug|Any CPU.ActiveCfg = Debug|Any CPU
		{497D50DD-839B-3FE6-7372-55D5EC51FCEE}.Debug|Any CPU.Build.0 = Debug|Any CPU
		{497D50DD-839B-3FE6-7372-55D5EC51FCEE}.Release|Any CPU.ActiveCfg = Release|Any CPU
		{497D50DD-839B-3FE6-7372-55D5EC51FCEE}.Release|Any CPU.Build.0 = Release|Any CPU
		{21E9BF43-DA9E-9D89-15D3-01E275344DFA}.Debug|Any CPU.ActiveCfg = Debug|Any CPU
		{21E9BF43-DA9E-9D89-15D3-01E275344DFA}.Debug|Any CPU.Build.0 = Debug|Any CPU
		{21E9BF43-DA9E-9D89-15D3-01E275344DFA}.Release|Any CPU.ActiveCfg = Release|Any CPU
		{21E9BF43-DA9E-9D89-15D3-01E275344DFA}.Release|Any CPU.Build.0 = Release|Any CPU
		{5A363521-94FC-DBC3-21B2-F247A21BB370}.Debug|Any CPU.ActiveCfg = Debug|Any CPU
		{5A363521-94FC-DBC3-21B2-F247A21BB370}.Debug|Any CPU.Build.0 = Debug|Any CPU
		{5A363521-94FC-DBC3-21B2-F247A21BB370}.Release|Any CPU.ActiveCfg = Release|Any CPU
		{5A363521-94FC-DBC3-21B2-F247A21BB370}.Release|Any CPU.Build.0 = Release|Any CPU
		{84ECD440-8AA0-7729-652D-C3DDFCD37C46}.Debug|Any CPU.ActiveCfg = Debug|Any CPU
		{84ECD440-8AA0-7729-652D-C3DDFCD37C46}.Debug|Any CPU.Build.0 = Debug|Any CPU
		{84ECD440-8AA0-7729-652D-C3DDFCD37C46}.Release|Any CPU.ActiveCfg = Release|Any CPU
		{84ECD440-8AA0-7729-652D-C3DDFCD37C46}.Release|Any CPU.Build.0 = Release|Any CPU
		{2D14D131-1311-3D84-0622-24CA34C4A7C8}.Debug|Any CPU.ActiveCfg = Debug|Any CPU
		{2D14D131-1311-3D84-0622-24CA34C4A7C8}.Debug|Any CPU.Build.0 = Debug|Any CPU
		{2D14D131-1311-3D84-0622-24CA34C4A7C8}.Release|Any CPU.ActiveCfg = Release|Any CPU
		{2D14D131-1311-3D84-0622-24CA34C4A7C8}.Release|Any CPU.Build.0 = Release|Any CPU
		{152313AF-81B8-56EA-A0BC-930462287D31}.Debug|Any CPU.ActiveCfg = Debug|Any CPU
		{152313AF-81B8-56EA-A0BC-930462287D31}.Debug|Any CPU.Build.0 = Debug|Any CPU
		{152313AF-81B8-56EA-A0BC-930462287D31}.Release|Any CPU.ActiveCfg = Release|Any CPU
		{152313AF-81B8-56EA-A0BC-930462287D31}.Release|Any CPU.Build.0 = Release|Any CPU
		{06497D05-2D85-0EE9-6669-0B06A79D31C5}.Debug|Any CPU.ActiveCfg = Debug|Any CPU
		{06497D05-2D85-0EE9-6669-0B06A79D31C5}.Debug|Any CPU.Build.0 = Debug|Any CPU
		{06497D05-2D85-0EE9-6669-0B06A79D31C5}.Release|Any CPU.ActiveCfg = Release|Any CPU
		{06497D05-2D85-0EE9-6669-0B06A79D31C5}.Release|Any CPU.Build.0 = Release|Any CPU
		{F967A8D8-DB8C-1A48-008B-D80930811934}.Debug|Any CPU.ActiveCfg = Debug|Any CPU
		{F967A8D8-DB8C-1A48-008B-D80930811934}.Debug|Any CPU.Build.0 = Debug|Any CPU
		{F967A8D8-DB8C-1A48-008B-D80930811934}.Release|Any CPU.ActiveCfg = Release|Any CPU
		{F967A8D8-DB8C-1A48-008B-D80930811934}.Release|Any CPU.Build.0 = Release|Any CPU
		{4A6144C4-668C-E90E-8B64-725D8AEBA52A}.Debug|Any CPU.ActiveCfg = Debug|Any CPU
		{4A6144C4-668C-E90E-8B64-725D8AEBA52A}.Debug|Any CPU.Build.0 = Debug|Any CPU
		{4A6144C4-668C-E90E-8B64-725D8AEBA52A}.Release|Any CPU.ActiveCfg = Release|Any CPU
		{4A6144C4-668C-E90E-8B64-725D8AEBA52A}.Release|Any CPU.Build.0 = Release|Any CPU
		{F5C78B2B-C2E6-DCBD-5E2C-40AF235F7D3B}.Debug|Any CPU.ActiveCfg = Debug|Any CPU
		{F5C78B2B-C2E6-DCBD-5E2C-40AF235F7D3B}.Debug|Any CPU.Build.0 = Debug|Any CPU
		{F5C78B2B-C2E6-DCBD-5E2C-40AF235F7D3B}.Release|Any CPU.ActiveCfg = Release|Any CPU
		{F5C78B2B-C2E6-DCBD-5E2C-40AF235F7D3B}.Release|Any CPU.Build.0 = Release|Any CPU
		{3718F761-ABF5-B808-0619-E4891F61C47C}.Debug|Any CPU.ActiveCfg = Debug|Any CPU
		{3718F761-ABF5-B808-0619-E4891F61C47C}.Debug|Any CPU.Build.0 = Debug|Any CPU
		{3718F761-ABF5-B808-0619-E4891F61C47C}.Release|Any CPU.ActiveCfg = Release|Any CPU
		{3718F761-ABF5-B808-0619-E4891F61C47C}.Release|Any CPU.Build.0 = Release|Any CPU
		{21825A66-0584-7D2D-0E98-664B22842A32}.Debug|Any CPU.ActiveCfg = Debug|Any CPU
		{21825A66-0584-7D2D-0E98-664B22842A32}.Debug|Any CPU.Build.0 = Debug|Any CPU
		{21825A66-0584-7D2D-0E98-664B22842A32}.Release|Any CPU.ActiveCfg = Release|Any CPU
		{21825A66-0584-7D2D-0E98-664B22842A32}.Release|Any CPU.Build.0 = Release|Any CPU
		{9ECEF22A-FC63-525A-A498-2CA4B609C8C5}.Debug|Any CPU.ActiveCfg = Debug|Any CPU
		{9ECEF22A-FC63-525A-A498-2CA4B609C8C5}.Debug|Any CPU.Build.0 = Debug|Any CPU
		{9ECEF22A-FC63-525A-A498-2CA4B609C8C5}.Release|Any CPU.ActiveCfg = Release|Any CPU
		{9ECEF22A-FC63-525A-A498-2CA4B609C8C5}.Release|Any CPU.Build.0 = Release|Any CPU
		{A244DD0B-457E-F3EC-12D4-84D1E4230F8D}.Debug|Any CPU.ActiveCfg = Debug|Any CPU
		{A244DD0B-457E-F3EC-12D4-84D1E4230F8D}.Debug|Any CPU.Build.0 = Debug|Any CPU
		{A244DD0B-457E-F3EC-12D4-84D1E4230F8D}.Release|Any CPU.ActiveCfg = Release|Any CPU
		{A244DD0B-457E-F3EC-12D4-84D1E4230F8D}.Release|Any CPU.Build.0 = Release|Any CPU
		{433E054B-9201-CB94-EB61-5EB979595E30}.Debug|Any CPU.ActiveCfg = Debug|Any CPU
		{433E054B-9201-CB94-EB61-5EB979595E30}.Debug|Any CPU.Build.0 = Debug|Any CPU
		{433E054B-9201-CB94-EB61-5EB979595E30}.Release|Any CPU.ActiveCfg = Release|Any CPU
		{433E054B-9201-CB94-EB61-5EB979595E30}.Release|Any CPU.Build.0 = Release|Any CPU
	EndGlobalSection
	GlobalSection(SolutionProperties) = preSolution
		HideSolutionNode = FALSE
	EndGlobalSection
EndGlobal
